{
  "name": "tslintx",
  "version": "0.0.7",
  "lockfileVersion": 1,
  "requires": true,
  "dependencies": {
    "@types/chai": {
      "version": "3.5.2",
      "resolved": "https://registry.npmjs.org/@types/chai/-/chai-3.5.2.tgz",
      "integrity": "sha1-wRzSgX06QBt7oPWkIPNcVhObHB4=",
      "dev": true
    },
    "@types/mocha": {
      "version": "2.2.41",
      "resolved": "https://registry.npmjs.org/@types/mocha/-/mocha-2.2.41.tgz",
      "integrity": "sha1-4nzwgXFT658nE7LT9saPHhw8pgg=",
      "dev": true
    },
    "@types/node": {
      "version": "6.0.85",
      "resolved": "https://registry.npmjs.org/@types/node/-/node-6.0.85.tgz",
      "integrity": "sha512-6qLZpfQFO/g5Ns2e7RsW6brk0Q6Xzwiw7kVVU/XiQNOiJXSojhX76GP457PBYIsNMH2WfcGgcnZB4awFDHrwpA==",
      "dev": true
    },
    "@types/sprintf-js": {
      "version": "1.1.0",
      "resolved": "https://registry.npmjs.org/@types/sprintf-js/-/sprintf-js-1.1.0.tgz",
      "integrity": "sha512-AQSq0X2Pj+2UbLIAxRmnj7Tll4btd1fj3hFf0XxB3/ZT7qjQ2WA3/JKtehu8UXEbkNCcysG6ZnYs58F1e/FboA==",
      "dev": true
    },
    "ansi-regex": {
      "version": "2.1.1",
      "resolved": "https://registry.npmjs.org/ansi-regex/-/ansi-regex-2.1.1.tgz",
      "integrity": "sha1-w7M6te42DYbg5ijwRorn7yfWVN8=",
      "dev": true
    },
    "ansi-styles": {
      "version": "2.2.1",
      "resolved": "https://registry.npmjs.org/ansi-styles/-/ansi-styles-2.2.1.tgz",
      "integrity": "sha1-tDLdM1i2NM914eRmQ2gkBTPB3b4=",
      "dev": true
    },
    "argparse": {
      "version": "1.0.9",
      "resolved": "https://registry.npmjs.org/argparse/-/argparse-1.0.9.tgz",
      "integrity": "sha1-c9g7wmP4bpf4zE9rrhsOkKfSLIY=",
      "dev": true,
      "requires": {
        "sprintf-js": "1.0.3"
      },
      "dependencies": {
        "sprintf-js": {
          "version": "1.0.3",
          "resolved": "https://registry.npmjs.org/sprintf-js/-/sprintf-js-1.0.3.tgz",
          "integrity": "sha1-BOaSb2YolTVPPdAVIDYzuFcpfiw=",
          "dev": true
        }
      }
    },
    "arrify": {
      "version": "1.0.1",
      "resolved": "https://registry.npmjs.org/arrify/-/arrify-1.0.1.tgz",
      "integrity": "sha1-iYUI2iIm84DfkEcoRWhJwVAaSw0=",
      "dev": true
    },
    "assertion-error": {
      "version": "1.0.2",
      "resolved": "https://registry.npmjs.org/assertion-error/-/assertion-error-1.0.2.tgz",
      "integrity": "sha1-E8pRXYYgbaC6xm6DTdOX2HWBCUw=",
      "dev": true
    },
    "babel-code-frame": {
      "version": "6.22.0",
      "resolved": "https://registry.npmjs.org/babel-code-frame/-/babel-code-frame-6.22.0.tgz",
      "integrity": "sha1-AnYgvuVnqIwyVhV05/0IAdMxGOQ=",
      "dev": true,
      "requires": {
        "chalk": "1.1.3",
        "esutils": "2.0.2",
        "js-tokens": "3.0.2"
      }
    },
    "balanced-match": {
      "version": "1.0.0",
      "resolved": "https://registry.npmjs.org/balanced-match/-/balanced-match-1.0.0.tgz",
      "integrity": "sha1-ibTRmasr7kneFk6gK4nORi1xt2c=",
      "dev": true
    },
    "brace-expansion": {
      "version": "1.1.8",
      "resolved": "https://registry.npmjs.org/brace-expansion/-/brace-expansion-1.1.8.tgz",
      "integrity": "sha1-wHshHHyVLsH479Uad+8NHTmQopI=",
      "dev": true,
      "requires": {
        "balanced-match": "1.0.0",
        "concat-map": "0.0.1"
      }
    },
    "browser-stdout": {
      "version": "1.3.0",
      "resolved": "https://registry.npmjs.org/browser-stdout/-/browser-stdout-1.3.0.tgz",
      "integrity": "sha1-81HTKWnTL6XXpVZxVCY9korjvR8=",
      "dev": true
    },
    "chai": {
      "version": "3.5.0",
      "resolved": "https://registry.npmjs.org/chai/-/chai-3.5.0.tgz",
      "integrity": "sha1-TQJjewZ/6Vi9v906QOxW/vc3Mkc=",
      "dev": true,
      "requires": {
        "assertion-error": "1.0.2",
        "deep-eql": "0.1.3",
        "type-detect": "1.0.0"
      }
    },
    "chai-spies": {
      "version": "0.7.1",
      "resolved": "https://registry.npmjs.org/chai-spies/-/chai-spies-0.7.1.tgz",
      "integrity": "sha1-ND2Z9RJEIS6LF+ZLk5lv97LCqbE=",
      "dev": true
    },
    "chalk": {
      "version": "1.1.3",
      "resolved": "https://registry.npmjs.org/chalk/-/chalk-1.1.3.tgz",
      "integrity": "sha1-qBFcVeSnAv5NFQq9OHKCKn4J/Jg=",
      "dev": true,
      "requires": {
        "ansi-styles": "2.2.1",
        "escape-string-regexp": "1.0.5",
        "has-ansi": "2.0.0",
        "strip-ansi": "3.0.1",
        "supports-color": "2.0.0"
      },
      "dependencies": {
        "supports-color": {
          "version": "2.0.0",
          "resolved": "https://registry.npmjs.org/supports-color/-/supports-color-2.0.0.tgz",
          "integrity": "sha1-U10EXOa2Nj+kARcIRimZXp3zJMc=",
          "dev": true
        }
      }
    },
    "color-convert": {
      "version": "1.9.1",
      "resolved": "https://registry.npmjs.org/color-convert/-/color-convert-1.9.1.tgz",
      "integrity": "sha512-mjGanIiwQJskCC18rPR6OmrZ6fm2Lc7PeGFYwCmy5J34wC6F1PzdGL6xeMfmgicfYcNLGuVFA3WzXtIDCQSZxQ==",
      "dev": true,
      "requires": {
        "color-name": "1.1.3"
      }
    },
    "color-name": {
      "version": "1.1.3",
      "resolved": "https://registry.npmjs.org/color-name/-/color-name-1.1.3.tgz",
      "integrity": "sha1-p9BVi9icQveV3UIyj3QIMcpTvCU=",
      "dev": true
    },
    "colors": {
      "version": "1.1.2",
      "resolved": "https://registry.npmjs.org/colors/-/colors-1.1.2.tgz",
      "integrity": "sha1-FopHAXVran9RoSzgyXv6KMCE7WM=",
      "dev": true
    },
    "commander": {
      "version": "2.9.0",
      "resolved": "https://registry.npmjs.org/commander/-/commander-2.9.0.tgz",
      "integrity": "sha1-nJkJQXbhIkDLItbFFGCYQA/g99Q=",
      "dev": true,
      "requires": {
        "graceful-readlink": "1.0.1"
      }
    },
    "concat-map": {
      "version": "0.0.1",
      "resolved": "https://registry.npmjs.org/concat-map/-/concat-map-0.0.1.tgz",
      "integrity": "sha1-2Klr13/Wjfd5OnMDajug1UBdR3s=",
      "dev": true
    },
    "debug": {
      "version": "2.2.0",
      "resolved": "https://registry.npmjs.org/debug/-/debug-2.2.0.tgz",
      "integrity": "sha1-+HBX6ZWxofauaklgZkE3vFbwOdo=",
      "dev": true,
      "requires": {
        "ms": "0.7.1"
      }
    },
    "deep-eql": {
      "version": "0.1.3",
      "resolved": "https://registry.npmjs.org/deep-eql/-/deep-eql-0.1.3.tgz",
      "integrity": "sha1-71WKyrjeJSBs1xOQbXTlaTDrafI=",
      "dev": true,
      "requires": {
        "type-detect": "0.1.1"
      },
      "dependencies": {
        "type-detect": {
          "version": "0.1.1",
          "resolved": "https://registry.npmjs.org/type-detect/-/type-detect-0.1.1.tgz",
          "integrity": "sha1-C6XsKohWQORw6k6FBZcZANrFiCI=",
          "dev": true
        }
      }
    },
    "diff": {
      "version": "1.4.0",
      "resolved": "https://registry.npmjs.org/diff/-/diff-1.4.0.tgz",
      "integrity": "sha1-fyjS657nsVqX79ic5j3P2qPMur8=",
      "dev": true
    },
    "escape-string-regexp": {
      "version": "1.0.5",
      "resolved": "https://registry.npmjs.org/escape-string-regexp/-/escape-string-regexp-1.0.5.tgz",
      "integrity": "sha1-G2HAViGQqN/2rjuyzwIAyhMLhtQ=",
      "dev": true
    },
    "esprima": {
      "version": "4.0.0",
      "resolved": "https://registry.npmjs.org/esprima/-/esprima-4.0.0.tgz",
      "integrity": "sha512-oftTcaMu/EGrEIu904mWteKIv8vMuOgGYo7EhVJJN00R/EED9DCua/xxHRdYnKtcECzVg7xOWhflvJMnqcFZjw==",
      "dev": true
    },
    "esutils": {
      "version": "2.0.2",
      "resolved": "https://registry.npmjs.org/esutils/-/esutils-2.0.2.tgz",
      "integrity": "sha1-Cr9PHKpbyx96nYrMbepPqqBLrJs=",
      "dev": true
    },
    "fs.realpath": {
      "version": "1.0.0",
      "resolved": "https://registry.npmjs.org/fs.realpath/-/fs.realpath-1.0.0.tgz",
      "integrity": "sha1-FQStJSMVjKpA20onh8sBQRmU6k8=",
      "dev": true
    },
    "glob": {
      "version": "7.0.5",
      "resolved": "https://registry.npmjs.org/glob/-/glob-7.0.5.tgz",
      "integrity": "sha1-tCAqaQmbu00pKnwblbZoK2fr3JU=",
      "dev": true,
      "requires": {
        "fs.realpath": "1.0.0",
        "inflight": "1.0.6",
        "inherits": "2.0.3",
        "minimatch": "3.0.4",
        "once": "1.4.0",
        "path-is-absolute": "1.0.1"
      }
    },
    "graceful-readlink": {
      "version": "1.0.1",
      "resolved": "https://registry.npmjs.org/graceful-readlink/-/graceful-readlink-1.0.1.tgz",
      "integrity": "sha1-TK+tdrxi8C+gObL5Tpo906ORpyU=",
      "dev": true
    },
    "growl": {
      "version": "1.9.2",
      "resolved": "https://registry.npmjs.org/growl/-/growl-1.9.2.tgz",
      "integrity": "sha1-Dqd0NxXbjY3ixe3hd14bRayFwC8=",
      "dev": true
    },
    "has-ansi": {
      "version": "2.0.0",
      "resolved": "https://registry.npmjs.org/has-ansi/-/has-ansi-2.0.0.tgz",
      "integrity": "sha1-NPUEnOHs3ysGSa8+8k5F7TVBbZE=",
      "dev": true,
      "requires": {
        "ansi-regex": "2.1.1"
      }
    },
    "has-flag": {
      "version": "1.0.0",
      "resolved": "https://registry.npmjs.org/has-flag/-/has-flag-1.0.0.tgz",
      "integrity": "sha1-nZ55MWXOAXoA8AQYxD+UKnsdEfo=",
      "dev": true
    },
    "homedir-polyfill": {
      "version": "1.0.1",
      "resolved": "https://registry.npmjs.org/homedir-polyfill/-/homedir-polyfill-1.0.1.tgz",
      "integrity": "sha1-TCu8inWJmP7r9e1oWA921GdotLw=",
      "dev": true,
      "requires": {
        "parse-passwd": "1.0.0"
      }
    },
    "inflight": {
      "version": "1.0.6",
      "resolved": "https://registry.npmjs.org/inflight/-/inflight-1.0.6.tgz",
      "integrity": "sha1-Sb1jMdfQLQwJvJEKEHW6gWW1bfk=",
      "dev": true,
      "requires": {
        "once": "1.4.0",
        "wrappy": "1.0.2"
      }
    },
    "inherits": {
      "version": "2.0.3",
      "resolved": "https://registry.npmjs.org/inherits/-/inherits-2.0.3.tgz",
      "integrity": "sha1-Yzwsg+PaQqUC9SRmAiSA9CCCYd4=",
      "dev": true
    },
    "js-tokens": {
      "version": "3.0.2",
      "resolved": "https://registry.npmjs.org/js-tokens/-/js-tokens-3.0.2.tgz",
      "integrity": "sha1-mGbfOVECEw449/mWvOtlRDIJwls=",
      "dev": true
    },
    "js-yaml": {
      "version": "3.9.1",
      "resolved": "https://registry.npmjs.org/js-yaml/-/js-yaml-3.9.1.tgz",
      "integrity": "sha512-CbcG379L1e+mWBnLvHWWeLs8GyV/EMw862uLI3c+GxVyDHWZcjZinwuBd3iW2pgxgIlksW/1vNJa4to+RvDOww==",
      "dev": true,
      "requires": {
        "argparse": "1.0.9",
        "esprima": "4.0.0"
      }
    },
    "json-stringify-pretty-compact": {
      "version": "1.0.4",
      "resolved": "https://registry.npmjs.org/json-stringify-pretty-compact/-/json-stringify-pretty-compact-1.0.4.tgz",
      "integrity": "sha1-1RYRMb4n/ZdIORNgWX/MolDGxc4="
    },
    "json3": {
      "version": "3.3.2",
      "resolved": "https://registry.npmjs.org/json3/-/json3-3.3.2.tgz",
      "integrity": "sha1-PAQ0dD35Pi9cQq7nsZvLSDV19OE=",
      "dev": true
    },
    "lodash._baseassign": {
      "version": "3.2.0",
      "resolved": "https://registry.npmjs.org/lodash._baseassign/-/lodash._baseassign-3.2.0.tgz",
      "integrity": "sha1-jDigmVAPIVrQnlnxci/QxSv+Ck4=",
      "dev": true,
      "requires": {
        "lodash._basecopy": "3.0.1",
        "lodash.keys": "3.1.2"
      }
    },
    "lodash._basecopy": {
      "version": "3.0.1",
      "resolved": "https://registry.npmjs.org/lodash._basecopy/-/lodash._basecopy-3.0.1.tgz",
      "integrity": "sha1-jaDmqHbPNEwK2KVIghEd08XHyjY=",
      "dev": true
    },
    "lodash._basecreate": {
      "version": "3.0.3",
      "resolved": "https://registry.npmjs.org/lodash._basecreate/-/lodash._basecreate-3.0.3.tgz",
      "integrity": "sha1-G8ZhYU2qf8MRt9A78WgGoCE8+CE=",
      "dev": true
    },
    "lodash._getnative": {
      "version": "3.9.1",
      "resolved": "https://registry.npmjs.org/lodash._getnative/-/lodash._getnative-3.9.1.tgz",
      "integrity": "sha1-VwvH3t5G1hzc3mh9ZdPuy6o6r/U=",
      "dev": true
    },
    "lodash._isiterateecall": {
      "version": "3.0.9",
      "resolved": "https://registry.npmjs.org/lodash._isiterateecall/-/lodash._isiterateecall-3.0.9.tgz",
      "integrity": "sha1-UgOte6Ql+uhCRg5pbbnPPmqsBXw=",
      "dev": true
    },
    "lodash.create": {
      "version": "3.1.1",
      "resolved": "https://registry.npmjs.org/lodash.create/-/lodash.create-3.1.1.tgz",
      "integrity": "sha1-1/KEnw29p+BGgruM1yqwIkYd6+c=",
      "dev": true,
      "requires": {
        "lodash._baseassign": "3.2.0",
        "lodash._basecreate": "3.0.3",
        "lodash._isiterateecall": "3.0.9"
      }
    },
    "lodash.isarguments": {
      "version": "3.1.0",
      "resolved": "https://registry.npmjs.org/lodash.isarguments/-/lodash.isarguments-3.1.0.tgz",
      "integrity": "sha1-L1c9hcaiQon/AGY7SRwdM4/zRYo=",
      "dev": true
    },
    "lodash.isarray": {
      "version": "3.0.4",
      "resolved": "https://registry.npmjs.org/lodash.isarray/-/lodash.isarray-3.0.4.tgz",
      "integrity": "sha1-eeTriMNqgSKvhvhEqpvNhRtfu1U=",
      "dev": true
    },
    "lodash.keys": {
      "version": "3.1.2",
      "resolved": "https://registry.npmjs.org/lodash.keys/-/lodash.keys-3.1.2.tgz",
      "integrity": "sha1-TbwEcrFWvlCgsoaFXRvQsMZWCYo=",
      "dev": true,
      "requires": {
        "lodash._getnative": "3.9.1",
        "lodash.isarguments": "3.1.0",
        "lodash.isarray": "3.0.4"
      }
    },
    "make-error": {
      "version": "1.3.4",
      "resolved": "https://registry.npmjs.org/make-error/-/make-error-1.3.4.tgz",
      "integrity": "sha512-0Dab5btKVPhibSalc9QGXb559ED7G7iLjFXBaj9Wq8O3vorueR5K5jaE3hkG6ZQINyhA/JgG6Qk4qdFQjsYV6g==",
      "dev": true
    },
    "minimatch": {
      "version": "3.0.4",
      "resolved": "https://registry.npmjs.org/minimatch/-/minimatch-3.0.4.tgz",
      "integrity": "sha512-yJHVQEhyqPLUTgt9B83PXu6W3rx4MvvHvSUvToogpwoGDOUQ+yDrR0HRot+yOCdCO7u4hX3pWft6kWBBcqh0UA==",
      "dev": true,
      "requires": {
        "brace-expansion": "1.1.8"
      }
    },
    "minimist": {
      "version": "0.0.8",
      "resolved": "https://registry.npmjs.org/minimist/-/minimist-0.0.8.tgz",
      "integrity": "sha1-hX/Kv8M5fSYluCKCYuhqp6ARsF0=",
      "dev": true
    },
    "mkdirp": {
      "version": "0.5.1",
      "resolved": "https://registry.npmjs.org/mkdirp/-/mkdirp-0.5.1.tgz",
      "integrity": "sha1-MAV0OOrGz3+MR2fzhkjWaX11yQM=",
      "dev": true,
      "requires": {
        "minimist": "0.0.8"
      }
    },
    "mocha": {
      "version": "3.0.2",
      "resolved": "https://registry.npmjs.org/mocha/-/mocha-3.0.2.tgz",
      "integrity": "sha1-Y6l/Phj00+ZZ1HphdnfQiYdFV/A=",
      "dev": true,
      "requires": {
        "browser-stdout": "1.3.0",
        "commander": "2.9.0",
        "debug": "2.2.0",
        "diff": "1.4.0",
        "escape-string-regexp": "1.0.5",
        "glob": "7.0.5",
        "growl": "1.9.2",
        "json3": "3.3.2",
        "lodash.create": "3.1.1",
        "mkdirp": "0.5.1",
        "supports-color": "3.1.2"
      }
    },
    "ms": {
      "version": "0.7.1",
      "resolved": "https://registry.npmjs.org/ms/-/ms-0.7.1.tgz",
      "integrity": "sha1-nNE8A62/8ltl7/3nzoZO6VIBcJg=",
      "dev": true
    },
    "once": {
      "version": "1.4.0",
      "resolved": "https://registry.npmjs.org/once/-/once-1.4.0.tgz",
      "integrity": "sha1-WDsap3WWHUsROsF9nFC6753Xa9E=",
      "dev": true,
      "requires": {
        "wrappy": "1.0.2"
      }
    },
    "parse-passwd": {
      "version": "1.0.0",
      "resolved": "https://registry.npmjs.org/parse-passwd/-/parse-passwd-1.0.0.tgz",
      "integrity": "sha1-bVuTSkVpk7I9N/QKOC1vFmao5cY=",
      "dev": true
    },
    "path-is-absolute": {
      "version": "1.0.1",
      "resolved": "https://registry.npmjs.org/path-is-absolute/-/path-is-absolute-1.0.1.tgz",
      "integrity": "sha1-F0uSaHNVNP+8es5r9TpanhtcX18=",
      "dev": true
    },
    "path-parse": {
      "version": "1.0.5",
      "resolved": "https://registry.npmjs.org/path-parse/-/path-parse-1.0.5.tgz",
      "integrity": "sha1-PBrfhx6pzWyUMbbqK9dKD/BVxME=",
      "dev": true
    },
    "resolve": {
      "version": "1.4.0",
      "resolved": "https://registry.npmjs.org/resolve/-/resolve-1.4.0.tgz",
      "integrity": "sha512-aW7sVKPufyHqOmyyLzg/J+8606v5nevBgaliIlV7nUpVMsDnoBGV/cbSLNjZAg9q0Cfd/+easKVKQ8vOu8fn1Q==",
      "dev": true,
      "requires": {
        "path-parse": "1.0.5"
      }
    },
    "rimraf": {
      "version": "2.6.1",
      "resolved": "https://registry.npmjs.org/rimraf/-/rimraf-2.6.1.tgz",
      "integrity": "sha1-wjOOxkPfeht/5cVPqG9XQopV8z0=",
      "dev": true,
      "requires": {
        "glob": "7.0.5"
      }
    },
    "semver": {
      "version": "5.4.1",
      "resolved": "https://registry.npmjs.org/semver/-/semver-5.4.1.tgz",
      "integrity": "sha512-WfG/X9+oATh81XtllIo/I8gOiY9EXRdv1cQdyykeXK17YcUW3EXUAi2To4pcH6nZtJPr7ZOpM5OMyWJZm+8Rsg==",
      "dev": true
    },
    "source-map": {
      "version": "0.5.7",
      "resolved": "https://registry.npmjs.org/source-map/-/source-map-0.5.7.tgz",
      "integrity": "sha1-igOdLRAh0i0eoUyA2OpGi6LvP8w=",
      "dev": true
    },
    "source-map-support": {
      "version": "0.4.18",
      "resolved": "https://registry.npmjs.org/source-map-support/-/source-map-support-0.4.18.tgz",
      "integrity": "sha512-try0/JqxPLF9nOjvSta7tVondkP5dwgyLDjVoyMDlmjugT2lRZ1OfsrYTkCd2hkDnJTKRbO/Rl3orm8vlsUzbA==",
      "dev": true,
      "requires": {
        "source-map": "0.5.7"
      }
    },
    "sprintf-js": {
      "version": "1.1.1",
      "resolved": "https://registry.npmjs.org/sprintf-js/-/sprintf-js-1.1.1.tgz",
      "integrity": "sha1-Nr54Mgr+WAH2zqPueLblqrlA6gw="
    },
    "strip-ansi": {
      "version": "3.0.1",
      "resolved": "https://registry.npmjs.org/strip-ansi/-/strip-ansi-3.0.1.tgz",
      "integrity": "sha1-ajhfuIU9lS1f8F0Oiq+UJ43GPc8=",
      "dev": true,
      "requires": {
        "ansi-regex": "2.1.1"
      }
    },
    "strip-bom": {
      "version": "3.0.0",
      "resolved": "https://registry.npmjs.org/strip-bom/-/strip-bom-3.0.0.tgz",
      "integrity": "sha1-IzTBjpx1n3vdVv3vfprj1YjmjtM=",
      "dev": true
    },
    "strip-json-comments": {
      "version": "2.0.1",
      "resolved": "https://registry.npmjs.org/strip-json-comments/-/strip-json-comments-2.0.1.tgz",
      "integrity": "sha1-PFMZQukIwml8DsNEhYwobHygpgo=",
      "dev": true
    },
    "supports-color": {
      "version": "3.1.2",
      "resolved": "https://registry.npmjs.org/supports-color/-/supports-color-3.1.2.tgz",
      "integrity": "sha1-cqJiiU2dQIuVbKBf83su2KbiotU=",
      "dev": true,
      "requires": {
        "has-flag": "1.0.0"
      }
    },
    "ts-node": {
      "version": "3.3.0",
      "resolved": "https://registry.npmjs.org/ts-node/-/ts-node-3.3.0.tgz",
      "integrity": "sha1-wTxqMCTjC+EYDdUwOPwgkonUv2k=",
      "dev": true,
      "requires": {
        "arrify": "1.0.1",
        "chalk": "2.3.2",
        "diff": "3.5.0",
        "make-error": "1.3.4",
        "minimist": "1.2.0",
        "mkdirp": "0.5.1",
        "source-map-support": "0.4.18",
        "tsconfig": "6.0.0",
        "v8flags": "3.0.2",
        "yn": "2.0.0"
      },
      "dependencies": {
        "ansi-styles": {
          "version": "3.2.1",
          "resolved": "https://registry.npmjs.org/ansi-styles/-/ansi-styles-3.2.1.tgz",
          "integrity": "sha512-VT0ZI6kZRdTh8YyJw3SMbYm/u+NqfsAxEpWO0Pf9sq8/e94WxxOpPKx9FR1FlyCtOVDNOQ+8ntlqFxiRc+r5qA==",
          "dev": true,
          "requires": {
            "color-convert": "1.9.1"
          }
        },
        "chalk": {
          "version": "2.3.2",
          "resolved": "https://registry.npmjs.org/chalk/-/chalk-2.3.2.tgz",
          "integrity": "sha512-ZM4j2/ld/YZDc3Ma8PgN7gyAk+kHMMMyzLNryCPGhWrsfAuDVeuid5bpRFTDgMH9JBK2lA4dyyAkkZYF/WcqDQ==",
          "dev": true,
          "requires": {
            "ansi-styles": "3.2.1",
            "escape-string-regexp": "1.0.5",
            "supports-color": "5.3.0"
          }
        },
        "diff": {
          "version": "3.5.0",
          "resolved": "https://registry.npmjs.org/diff/-/diff-3.5.0.tgz",
          "integrity": "sha512-A46qtFgd+g7pDZinpnwiRJtxbC1hpgf0uzP3iG89scHk0AUC7A1TGxf5OiiOUv/JMZR8GOt8hL900hV0bOy5xA==",
          "dev": true
        },
        "has-flag": {
          "version": "3.0.0",
          "resolved": "https://registry.npmjs.org/has-flag/-/has-flag-3.0.0.tgz",
          "integrity": "sha1-tdRU3CGZriJWmfNGfloH87lVuv0=",
          "dev": true
        },
        "minimist": {
          "version": "1.2.0",
          "resolved": "https://registry.npmjs.org/minimist/-/minimist-1.2.0.tgz",
          "integrity": "sha1-o1AIsg9BOD7sH7kU9M1d95omQoQ=",
          "dev": true
        },
        "supports-color": {
          "version": "5.3.0",
          "resolved": "https://registry.npmjs.org/supports-color/-/supports-color-5.3.0.tgz",
          "integrity": "sha512-0aP01LLIskjKs3lq52EC0aGBAJhLq7B2Rd8HC/DR/PtNNpcLilNmHC12O+hu0usQpo7wtHNRqtrhBwtDb0+dNg==",
          "dev": true,
          "requires": {
            "has-flag": "3.0.0"
          }
        }
      }
    },
    "tsconfig": {
      "version": "6.0.0",
      "resolved": "https://registry.npmjs.org/tsconfig/-/tsconfig-6.0.0.tgz",
      "integrity": "sha1-aw6DdgA9evGGT434+J3QBZ/80DI=",
      "dev": true,
      "requires": {
        "strip-bom": "3.0.0",
        "strip-json-comments": "2.0.1"
      }
    },
    "tslib": {
      "version": "1.7.1",
      "resolved": "https://registry.npmjs.org/tslib/-/tslib-1.7.1.tgz",
      "integrity": "sha1-vIAEFkaRkjp5/oN4u+s9ogF1OOw=",
      "dev": true
    },
    "tslint": {
      "version": "5.5.0",
      "resolved": "https://registry.npmjs.org/tslint/-/tslint-5.5.0.tgz",
      "integrity": "sha1-EOjas+MGH6YelELozuOYKs8gpqo=",
      "dev": true,
      "requires": {
        "babel-code-frame": "6.22.0",
        "colors": "1.1.2",
        "commander": "2.9.0",
        "diff": "3.3.0",
        "glob": "7.1.2",
        "minimatch": "3.0.4",
        "resolve": "1.4.0",
        "semver": "5.4.1",
        "tslib": "1.7.1",
        "tsutils": "2.25.0"
      },
      "dependencies": {
        "diff": {
          "version": "3.3.0",
          "resolved": "https://registry.npmjs.org/diff/-/diff-3.3.0.tgz",
          "integrity": "sha512-w0XZubFWn0Adlsapj9EAWX0FqWdO4tz8kc3RiYdWLh4k/V8PTb6i0SMgXt0vRM3zyKnT8tKO7mUlieRQHIjMNg==",
          "dev": true
        },
        "glob": {
          "version": "7.1.2",
          "resolved": "https://registry.npmjs.org/glob/-/glob-7.1.2.tgz",
          "integrity": "sha512-MJTUg1kjuLeQCJ+ccE4Vpa6kKVXkPYJ2mOCQyUuKLcLQsdrMCpBPUi8qVE6+YuaJkozeA9NusTAw3hLr8Xe5EQ==",
          "dev": true,
          "requires": {
            "fs.realpath": "1.0.0",
            "inflight": "1.0.6",
            "inherits": "2.0.3",
            "minimatch": "3.0.4",
            "once": "1.4.0",
            "path-is-absolute": "1.0.1"
          }
        }
      }
    },
    "tsutils": {
      "version": "2.25.0",
      "resolved": "https://registry.npmjs.org/tsutils/-/tsutils-2.25.0.tgz",
      "integrity": "sha512-SPgUlOAUAe6fCyPi0QR4U0jRuDsHHKvzIR6/hHd0YR0bb8MzeLJgCagkPSmZeJjWImnpJ0xq6XHa9goTvMBBCQ==",
      "requires": {
        "tslib": "1.9.0"
      },
      "dependencies": {
        "tslib": {
          "version": "1.9.0",
          "resolved": "https://registry.npmjs.org/tslib/-/tslib-1.9.0.tgz",
          "integrity": "sha512-f/qGG2tUkrISBlQZEjEqoZ3B2+npJjIf04H1wuAv9iA8i04Icp+61KRXxFdha22670NJopsZCIjhC3SnjPRKrQ=="
        }
      }
    },
    "type-detect": {
      "version": "1.0.0",
      "resolved": "https://registry.npmjs.org/type-detect/-/type-detect-1.0.0.tgz",
      "integrity": "sha1-diIXzAbbJY7EiQihKY6LlRIejqI=",
      "dev": true
    },
    "typescript": {
      "version": "2.8.1",
      "resolved": "https://registry.npmjs.org/typescript/-/typescript-2.8.1.tgz",
      "integrity": "sha512-Ao/f6d/4EPLq0YwzsQz8iXflezpTkQzqAyenTiw4kCUGr1uPiFLC3+fZ+gMZz6eeI/qdRUqvC+HxIJzUAzEFdg==",
      "dev": true
    },
    "v8flags": {
      "version": "3.0.2",
      "resolved": "https://registry.npmjs.org/v8flags/-/v8flags-3.0.2.tgz",
      "integrity": "sha512-6sgSKoFw1UpUPd3cFdF7QGnrH6tDeBgW1F3v9gy8gLY0mlbiBXq8soy8aQpY6xeeCjH5K+JvC62Acp7gtl7wWA==",
      "dev": true,
      "requires": {
        "homedir-polyfill": "1.0.1"
      }
    },
    "wrappy": {
      "version": "1.0.2",
      "resolved": "https://registry.npmjs.org/wrappy/-/wrappy-1.0.2.tgz",
      "integrity": "sha1-tSQ9jz7BqjXxNkYFvA0QNuMKtp8=",
      "dev": true
    },
    "yn": {
      "version": "2.0.0",
      "resolved": "https://registry.npmjs.org/yn/-/yn-2.0.0.tgz",
      "integrity": "sha1-5a2ryKz0CPY4X8dklWhMiOavaJo=",
      "dev": true
    }
  }
}
